
Microsoft Visual Studio Solution File, Format Version 12.00
# Visual Studio 15
VisualStudioVersion = 15.0.28307.329
MinimumVisualStudioVersion = 10.0.40219.1
Project("{8BC9CEB8-8B4A-11D0-8D11-00A0C91BC942}") = "lexer", "basic-v\lexer.vcxproj", "{067D5DD4-8BAE-43C6-9C6B-A3335D78D466}"
EndProject
Project("{8BC9CEB8-8B4A-11D0-8D11-00A0C91BC942}") = "parser", "basic-v\parser.vcxproj", "{B6103633-D875-4829-8EE5-4757A378C348}"
EndProject
Global
	GlobalSection(SolutionConfigurationPlatforms) = preSolution
		Debug|x64 = Debug|x64
		Debug|x86 = Debug|x86
		Release|x64 = Release|x64
		Release|x86 = Release|x86
	EndGlobalSection
	GlobalSection(ProjectConfigurationPlatforms) = postSolution
		{067D5DD4-8BAE-43C6-9C6B-A3335D78D466}.Debug|x64.ActiveCfg = Debug|x64
		{067D5DD4-8BAE-43C6-9C6B-A3335D78D466}.Debug|x64.Build.0 = Debug|x64
		{067D5DD4-8BAE-43C6-9C6B-A3335D78D466}.Debug|x86.ActiveCfg = Debug|Win32
		{067D5DD4-8BAE-43C6-9C6B-A3335D78D466}.Debug|x86.Build.0 = Debug|Win32
		{067D5DD4-8BAE-43C6-9C6B-A3335D78D466}.Release|x64.ActiveCfg = Release|x64
		{067D5DD4-8BAE-43C6-9C6B-A3335D78D466}.Release|x64.Build.0 = Release|x64
		{067D5DD4-8BAE-43C6-9C6B-A3335D78D466}.Release|x86.ActiveCfg = Release|Win32
		{067D5DD4-8BAE-43C6-9C6B-A3335D78D466}.Release|x86.Build.0 = Release|Win32
		{B6103633-D875-4829-8EE5-4757A378C348}.Debug|x64.ActiveCfg = Debug|x64
		{B6103633-D875-4829-8EE5-4757A378C348}.Debug|x64.Build.0 = Debug|x64
		{B6103633-D875-4829-8EE5-4757A378C348}.Debug|x86.ActiveCfg = Debug|Win32
		{B6103633-D875-4829-8EE5-4757A378C348}.Debug|x86.Build.0 = Debug|Win32
		{B6103633-D875-4829-8EE5-4757A378C348}.Release|x64.ActiveCfg = Release|x64
		{B6103633-D875-4829-8EE5-4757A378C348}.Release|x64.Build.0 = Release|x64
		{B6103633-D875-4829-8EE5-4757A378C348}.Release|x86.ActiveCfg = Release|Win32
		{B6103633-D875-4829-8EE5-4757A378C348}.Release|x86.Build.0 = Release|Win32
	EndGlobalSection
	GlobalSection(SolutionProperties) = preSolution
		HideSolutionNode = FALSE
	EndGlobalSection
	GlobalSection(ExtensibilityGlobals) = postSolution
		SolutionGuid = {67438697-0C15-491B-AD64-DE3494BE960E}
	EndGlobalSection
EndGlobal
