<?xml version="1.0" encoding="utf-8"?>
<Project ToolsVersion="4.0" xmlns="http://schemas.microsoft.com/developer/msbuild/2003">
  <ItemGroup>
    <ClCompile Include="source\lexer.cpp" />
  </ItemGroup>
  <ItemGroup>
    <ClInclude Include="source\Types\Token.hpp">
      <Filter>Types</Filter>
    </ClInclude>
    <ClInclude Include="source\Types\Lexeme.hpp">
      <Filter>Types</Filter>
    </ClInclude>
  </ItemGroup>
  <ItemGroup>
    <Filter Include="Types">
      <UniqueIdentifier>{25433202-4c60-4107-8fea-f2c0362b72d7}</UniqueIdentifier>
    </Filter>
  </ItemGroup>
</Project>